// !$*UTF8*$!
{
	archiveVersion = 1;
	classes = {
	};
	objectVersion = 46;
	objects = {

/* Begin PBXFileReference section */
		142A7A281A2408BD005F43E4 /* myo_midi.cpp */ = {isa = PBXFileReference; lastKnownFileType = sourcecode.cpp.cpp; name = myo_midi.cpp; path = ../myo_midi.cpp; sourceTree = "<group>"; };
		142A7A291A2408BD005F43E4 /* myo.cpp */ = {isa = PBXFileReference; lastKnownFileType = sourcecode.cpp.cpp; name = myo.cpp; path = ../myo.cpp; sourceTree = "<group>"; };
		142A7A2A1A2408BD005F43E4 /* myo.h */ = {isa = PBXFileReference; lastKnownFileType = sourcecode.c.h; name = myo.h; path = ../myo.h; sourceTree = "<group>"; };
		142A7A2B1A2408BD005F43E4 /* RtMidi.cpp */ = {isa = PBXFileReference; lastKnownFileType = sourcecode.cpp.cpp; name = RtMidi.cpp; path = ../RtMidi.cpp; sourceTree = "<group>"; };
		142A7A2C1A2408BD005F43E4 /* RtMidi.h */ = {isa = PBXFileReference; lastKnownFileType = sourcecode.c.h; name = RtMidi.h; path = ../RtMidi.h; sourceTree = "<group>"; };
/* End PBXFileReference section */

/* Begin PBXGroup section */
		142A7A211A240881005F43E4 = {
			isa = PBXGroup;
			children = (
				142A7A281A2408BD005F43E4 /* myo_midi.cpp */,
				142A7A291A2408BD005F43E4 /* myo.cpp */,
				142A7A2A1A2408BD005F43E4 /* myo.h */,
				142A7A2B1A2408BD005F43E4 /* RtMidi.cpp */,
				142A7A2C1A2408BD005F43E4 /* RtMidi.h */,
			);
			sourceTree = "<group>";
		};
/* End PBXGroup section */

/* Begin PBXProject section */
		142A7A221A240881005F43E4 /* Project object */ = {
			isa = PBXProject;
			attributes = {
				LastUpgradeCheck = 0610;
			};
			buildConfigurationList = 142A7A251A240881005F43E4 /* Build configuration list for PBXProject "MyoMidiXcodeProj" */;
			compatibilityVersion = "Xcode 3.2";
			developmentRegion = English;
			hasScannedForEncodings = 0;
			knownRegions = (
				en,
			);
			mainGroup = 142A7A211A240881005F43E4;
			projectDirPath = "";
			projectRoot = "";
			targets = (
			);
		};
/* End PBXProject section */

/* Begin XCBuildConfiguration section */
		142A7A261A240881005F43E4 /* Debug */ = {
			isa = XCBuildConfiguration;
			buildSettings = {
			};
			name = Debug;
		};
		142A7A271A240881005F43E4 /* Release */ = {
			isa = XCBuildConfiguration;
			buildSettings = {
			};
			name = Release;
		};
/* End XCBuildConfiguration section */

/* Begin XCConfigurationList section */
		142A7A251A240881005F43E4 /* Build configuration list for PBXProject "MyoMidiXcodeProj" */ = {
			isa = XCConfigurationList;
			buildConfigurations = (
				142A7A261A240881005F43E4 /* Debug */,
				142A7A271A240881005F43E4 /* Release */,
			);
			defaultConfigurationIsVisible = 0;
			defaultConfigurationName = Release;
		};
/* End XCConfigurationList section */
	};
	rootObject = 142A7A221A240881005F43E4 /* Project object */;
}
